
Microsoft Visual Studio Solution File, Format Version 12.00
# Visual Studio Version 17
VisualStudioVersion = 17.4.33205.214
MinimumVisualStudioVersion = 10.0.40219.1
Project("{9A19103F-16F7-4668-BE54-9A1E7A4F7556}") = "XCoreAssignment", "XCoreAssignment.csproj", "{2AB6D323-2B69-4151-8E3A-358BEB22336B}"
EndProject
Project("{9A19103F-16F7-4668-BE54-9A1E7A4F7556}") = "Application", "Projects\Application\Application.csproj", "{262E1630-D97A-4D1E-8D9C-C6B73C84C54A}"
EndProject
Project("{9A19103F-16F7-4668-BE54-9A1E7A4F7556}") = "Domain", "Projects\Domain\Domain.csproj", "{DD9E1E77-3665-4B9A-B0BA-EF13DE8BF6CF}"
EndProject
Project("{9A19103F-16F7-4668-BE54-9A1E7A4F7556}") = "Infrastructure", "Projects\Infrastructure\Infrastructure.csproj", "{82EF9BA4-8D9D-492D-9479-CB330236D35B}"
EndProject
Global
	GlobalSection(SolutionConfigurationPlatforms) = preSolution
		Debug|Any CPU = Debug|Any CPU
		Release|Any CPU = Release|Any CPU
	EndGlobalSection
	GlobalSection(ProjectConfigurationPlatforms) = postSolution
		{2AB6D323-2B69-4151-8E3A-358BEB22336B}.Debug|Any CPU.ActiveCfg = Debug|Any CPU
		{2AB6D323-2B69-4151-8E3A-358BEB22336B}.Debug|Any CPU.Build.0 = Debug|Any CPU
		{2AB6D323-2B69-4151-8E3A-358BEB22336B}.Release|Any CPU.ActiveCfg = Release|Any CPU
		{2AB6D323-2B69-4151-8E3A-358BEB22336B}.Release|Any CPU.Build.0 = Release|Any CPU
		{262E1630-D97A-4D1E-8D9C-C6B73C84C54A}.Debug|Any CPU.ActiveCfg = Debug|Any CPU
		{262E1630-D97A-4D1E-8D9C-C6B73C84C54A}.Debug|Any CPU.Build.0 = Debug|Any CPU
		{262E1630-D97A-4D1E-8D9C-C6B73C84C54A}.Release|Any CPU.ActiveCfg = Release|Any CPU
		{262E1630-D97A-4D1E-8D9C-C6B73C84C54A}.Release|Any CPU.Build.0 = Release|Any CPU
		{DD9E1E77-3665-4B9A-B0BA-EF13DE8BF6CF}.Debug|Any CPU.ActiveCfg = Debug|Any CPU
		{DD9E1E77-3665-4B9A-B0BA-EF13DE8BF6CF}.Debug|Any CPU.Build.0 = Debug|Any CPU
		{DD9E1E77-3665-4B9A-B0BA-EF13DE8BF6CF}.Release|Any CPU.ActiveCfg = Release|Any CPU
		{DD9E1E77-3665-4B9A-B0BA-EF13DE8BF6CF}.Release|Any CPU.Build.0 = Release|Any CPU
		{82EF9BA4-8D9D-492D-9479-CB330236D35B}.Debug|Any CPU.ActiveCfg = Debug|Any CPU
		{82EF9BA4-8D9D-492D-9479-CB330236D35B}.Debug|Any CPU.Build.0 = Debug|Any CPU
		{82EF9BA4-8D9D-492D-9479-CB330236D35B}.Release|Any CPU.ActiveCfg = Release|Any CPU
		{82EF9BA4-8D9D-492D-9479-CB330236D35B}.Release|Any CPU.Build.0 = Release|Any CPU
	EndGlobalSection
	GlobalSection(SolutionProperties) = preSolution
		HideSolutionNode = FALSE
	EndGlobalSection
	GlobalSection(ExtensibilityGlobals) = postSolution
		SolutionGuid = {89D9B69A-AE14-45AB-93B3-7E5226AAF079}
	EndGlobalSection
EndGlobal
