
Microsoft Visual Studio Solution File, Format Version 12.00
# Visual Studio Version 17
VisualStudioVersion = 17.4.33205.214
MinimumVisualStudioVersion = 10.0.40219.1
Project("{FAE04EC0-301F-11D3-BF4B-00C04F79EFBC}") = "XCoreAssignment", "XCoreAssignment.csproj", "{2AB6D323-2B69-4151-8E3A-358BEB22336B}"
EndProject
Global
	GlobalSection(SolutionConfigurationPlatforms) = preSolution
		Debug|Any CPU = Debug|Any CPU
		Release|Any CPU = Release|Any CPU
	EndGlobalSection
	GlobalSection(ProjectConfigurationPlatforms) = postSolution
		{2AB6D323-2B69-4151-8E3A-358BEB22336B}.Debug|Any CPU.ActiveCfg = Debug|Any CPU
		{2AB6D323-2B69-4151-8E3A-358BEB22336B}.Debug|Any CPU.Build.0 = Debug|Any CPU
		{2AB6D323-2B69-4151-8E3A-358BEB22336B}.Release|Any CPU.ActiveCfg = Release|Any CPU
		{2AB6D323-2B69-4151-8E3A-358BEB22336B}.Release|Any CPU.Build.0 = Release|Any CPU
	EndGlobalSection
	GlobalSection(SolutionProperties) = preSolution
		HideSolutionNode = FALSE
	EndGlobalSection
	GlobalSection(ExtensibilityGlobals) = postSolution
		SolutionGuid = {89D9B69A-AE14-45AB-93B3-7E5226AAF079}
	EndGlobalSection
EndGlobal
